
Microsoft Visual Studio Solution File, Format Version 12.00
# Visual Studio Version 16
VisualStudioVersion = 16.0.31205.134
MinimumVisualStudioVersion = 10.0.40219.1
Project("{FAE04EC0-301F-11D3-BF4B-00C04F79EFBC}") = "CC_Project", "CC_Project.csproj", "{52907BBF-D2BF-4F44-A7F2-F6D247ACE861}"
EndProject
Global
	GlobalSection(SolutionConfigurationPlatforms) = preSolution
		Debug|Any CPU = Debug|Any CPU
		Release|Any CPU = Release|Any CPU
	EndGlobalSection
	GlobalSection(ProjectConfigurationPlatforms) = postSolution
		{52907BBF-D2BF-4F44-A7F2-F6D247ACE861}.Debug|Any CPU.ActiveCfg = Debug|Any CPU
		{52907BBF-D2BF-4F44-A7F2-F6D247ACE861}.Debug|Any CPU.Build.0 = Debug|Any CPU
		{52907BBF-D2BF-4F44-A7F2-F6D247ACE861}.Release|Any CPU.ActiveCfg = Release|Any CPU
		{52907BBF-D2BF-4F44-A7F2-F6D247ACE861}.Release|Any CPU.Build.0 = Release|Any CPU
	EndGlobalSection
	GlobalSection(SolutionProperties) = preSolution
		HideSolutionNode = FALSE
	EndGlobalSection
	GlobalSection(ExtensibilityGlobals) = postSolution
		SolutionGuid = {7580221B-35F5-43C9-A182-9C4E3F3B51DB}
	EndGlobalSection
EndGlobal
